
Microsoft Visual Studio Solution File, Format Version 12.00
# Visual Studio Version 16
VisualStudioVersion = 16.0.31005.135
MinimumVisualStudioVersion = 15.0.26124.0
Project("{9A19103F-16F7-4668-BE54-9A1E7A4F7556}") = "S5A0504 (Scarfold)", "S5A0504\S5A0504 (Scarfold).csproj", "{16E7F073-7B2F-426A-A7AB-EF34C0F9FE9B}"
EndProject
Project("{9A19103F-16F7-4668-BE54-9A1E7A4F7556}") = "S6A0602", "S6A00602\S6A0602.csproj", "{A1E40756-09F1-4F39-8989-FD6C688D0E2E}"
EndProject
Global
	GlobalSection(SolutionConfigurationPlatforms) = preSolution
		Debug|Any CPU = Debug|Any CPU
		Debug|x64 = Debug|x64
		Debug|x86 = Debug|x86
		Release|Any CPU = Release|Any CPU
		Release|x64 = Release|x64
		Release|x86 = Release|x86
	EndGlobalSection
	GlobalSection(ProjectConfigurationPlatforms) = postSolution
		{16E7F073-7B2F-426A-A7AB-EF34C0F9FE9B}.Debug|Any CPU.ActiveCfg = Debug|Any CPU
		{16E7F073-7B2F-426A-A7AB-EF34C0F9FE9B}.Debug|Any CPU.Build.0 = Debug|Any CPU
		{16E7F073-7B2F-426A-A7AB-EF34C0F9FE9B}.Debug|x64.ActiveCfg = Debug|Any CPU
		{16E7F073-7B2F-426A-A7AB-EF34C0F9FE9B}.Debug|x64.Build.0 = Debug|Any CPU
		{16E7F073-7B2F-426A-A7AB-EF34C0F9FE9B}.Debug|x86.ActiveCfg = Debug|Any CPU
		{16E7F073-7B2F-426A-A7AB-EF34C0F9FE9B}.Debug|x86.Build.0 = Debug|Any CPU
		{16E7F073-7B2F-426A-A7AB-EF34C0F9FE9B}.Release|Any CPU.ActiveCfg = Release|Any CPU
		{16E7F073-7B2F-426A-A7AB-EF34C0F9FE9B}.Release|Any CPU.Build.0 = Release|Any CPU
		{16E7F073-7B2F-426A-A7AB-EF34C0F9FE9B}.Release|x64.ActiveCfg = Release|Any CPU
		{16E7F073-7B2F-426A-A7AB-EF34C0F9FE9B}.Release|x64.Build.0 = Release|Any CPU
		{16E7F073-7B2F-426A-A7AB-EF34C0F9FE9B}.Release|x86.ActiveCfg = Release|Any CPU
		{16E7F073-7B2F-426A-A7AB-EF34C0F9FE9B}.Release|x86.Build.0 = Release|Any CPU
		{A1E40756-09F1-4F39-8989-FD6C688D0E2E}.Debug|Any CPU.ActiveCfg = Debug|Any CPU
		{A1E40756-09F1-4F39-8989-FD6C688D0E2E}.Debug|Any CPU.Build.0 = Debug|Any CPU
		{A1E40756-09F1-4F39-8989-FD6C688D0E2E}.Debug|x64.ActiveCfg = Debug|Any CPU
		{A1E40756-09F1-4F39-8989-FD6C688D0E2E}.Debug|x64.Build.0 = Debug|Any CPU
		{A1E40756-09F1-4F39-8989-FD6C688D0E2E}.Debug|x86.ActiveCfg = Debug|Any CPU
		{A1E40756-09F1-4F39-8989-FD6C688D0E2E}.Debug|x86.Build.0 = Debug|Any CPU
		{A1E40756-09F1-4F39-8989-FD6C688D0E2E}.Release|Any CPU.ActiveCfg = Release|Any CPU
		{A1E40756-09F1-4F39-8989-FD6C688D0E2E}.Release|Any CPU.Build.0 = Release|Any CPU
		{A1E40756-09F1-4F39-8989-FD6C688D0E2E}.Release|x64.ActiveCfg = Release|Any CPU
		{A1E40756-09F1-4F39-8989-FD6C688D0E2E}.Release|x64.Build.0 = Release|Any CPU
		{A1E40756-09F1-4F39-8989-FD6C688D0E2E}.Release|x86.ActiveCfg = Release|Any CPU
		{A1E40756-09F1-4F39-8989-FD6C688D0E2E}.Release|x86.Build.0 = Release|Any CPU
	EndGlobalSection
	GlobalSection(SolutionProperties) = preSolution
		HideSolutionNode = FALSE
	EndGlobalSection
	GlobalSection(ExtensibilityGlobals) = postSolution
		SolutionGuid = {A461416E-0507-4697-ADDE-D1F955BB4844}
	EndGlobalSection
EndGlobal
