
Microsoft Visual Studio Solution File, Format Version 12.00
# Visual Studio Version 16
VisualStudioVersion = 16.0.31005.135
MinimumVisualStudioVersion = 15.0.26124.0
Project("{9A19103F-16F7-4668-BE54-9A1E7A4F7556}") = "S6A0702", "S7A0702\S6A0702.csproj", "{8CA8A143-DC7E-4440-B85B-781AF4FA97A2}"
EndProject
Global
	GlobalSection(SolutionConfigurationPlatforms) = preSolution
		Debug|Any CPU = Debug|Any CPU
		Debug|x64 = Debug|x64
		Debug|x86 = Debug|x86
		Release|Any CPU = Release|Any CPU
		Release|x64 = Release|x64
		Release|x86 = Release|x86
	EndGlobalSection
	GlobalSection(ProjectConfigurationPlatforms) = postSolution
		{8CA8A143-DC7E-4440-B85B-781AF4FA97A2}.Debug|Any CPU.ActiveCfg = Debug|Any CPU
		{8CA8A143-DC7E-4440-B85B-781AF4FA97A2}.Debug|Any CPU.Build.0 = Debug|Any CPU
		{8CA8A143-DC7E-4440-B85B-781AF4FA97A2}.Debug|x64.ActiveCfg = Debug|Any CPU
		{8CA8A143-DC7E-4440-B85B-781AF4FA97A2}.Debug|x64.Build.0 = Debug|Any CPU
		{8CA8A143-DC7E-4440-B85B-781AF4FA97A2}.Debug|x86.ActiveCfg = Debug|Any CPU
		{8CA8A143-DC7E-4440-B85B-781AF4FA97A2}.Debug|x86.Build.0 = Debug|Any CPU
		{8CA8A143-DC7E-4440-B85B-781AF4FA97A2}.Release|Any CPU.ActiveCfg = Release|Any CPU
		{8CA8A143-DC7E-4440-B85B-781AF4FA97A2}.Release|Any CPU.Build.0 = Release|Any CPU
		{8CA8A143-DC7E-4440-B85B-781AF4FA97A2}.Release|x64.ActiveCfg = Release|Any CPU
		{8CA8A143-DC7E-4440-B85B-781AF4FA97A2}.Release|x64.Build.0 = Release|Any CPU
		{8CA8A143-DC7E-4440-B85B-781AF4FA97A2}.Release|x86.ActiveCfg = Release|Any CPU
		{8CA8A143-DC7E-4440-B85B-781AF4FA97A2}.Release|x86.Build.0 = Release|Any CPU
	EndGlobalSection
	GlobalSection(SolutionProperties) = preSolution
		HideSolutionNode = FALSE
	EndGlobalSection
	GlobalSection(ExtensibilityGlobals) = postSolution
		SolutionGuid = {A461416E-0507-4697-ADDE-D1F955BB4844}
	EndGlobalSection
EndGlobal
